
Microsoft Visual Studio Solution File, Format Version 12.00
# Visual Studio Version 17
VisualStudioVersion = 17.3.32922.545
MinimumVisualStudioVersion = 10.0.40219.1
Project("{FAE04EC0-301F-11D3-BF4B-00C04F79EFBC}") = "LabWork6", "LabWork6\LabWork6.csproj", "{B903C828-9FBA-4936-BACE-F698A7BF78E9}"
EndProject
Global
	GlobalSection(SolutionConfigurationPlatforms) = preSolution
		Debug|Any CPU = Debug|Any CPU
		Release|Any CPU = Release|Any CPU
	EndGlobalSection
	GlobalSection(ProjectConfigurationPlatforms) = postSolution
		{B903C828-9FBA-4936-BACE-F698A7BF78E9}.Debug|Any CPU.ActiveCfg = Debug|Any CPU
		{B903C828-9FBA-4936-BACE-F698A7BF78E9}.Debug|Any CPU.Build.0 = Debug|Any CPU
		{B903C828-9FBA-4936-BACE-F698A7BF78E9}.Release|Any CPU.ActiveCfg = Release|Any CPU
		{B903C828-9FBA-4936-BACE-F698A7BF78E9}.Release|Any CPU.Build.0 = Release|Any CPU
	EndGlobalSection
	GlobalSection(SolutionProperties) = preSolution
		HideSolutionNode = FALSE
	EndGlobalSection
	GlobalSection(ExtensibilityGlobals) = postSolution
		SolutionGuid = {CFBD7258-F02B-4EC1-80D8-79899E708E09}
	EndGlobalSection
EndGlobal
